
Microsoft Visual Studio Solution File, Format Version 12.00
# Visual Studio Version 17
VisualStudioVersion = 17.8.34322.80
MinimumVisualStudioVersion = 10.0.40219.1
Project("{FAE04EC0-301F-11D3-BF4B-00C04F79EFBC}") = "WFACoreAsync_0", "WFACoreAsync_0\WFACoreAsync_0.csproj", "{AF1E2D7F-A796-405E-AB14-8E48309B0C3C}"
EndProject
Global
	GlobalSection(SolutionConfigurationPlatforms) = preSolution
		Debug|Any CPU = Debug|Any CPU
		Release|Any CPU = Release|Any CPU
	EndGlobalSection
	GlobalSection(ProjectConfigurationPlatforms) = postSolution
		{AF1E2D7F-A796-405E-AB14-8E48309B0C3C}.Debug|Any CPU.ActiveCfg = Debug|Any CPU
		{AF1E2D7F-A796-405E-AB14-8E48309B0C3C}.Debug|Any CPU.Build.0 = Debug|Any CPU
		{AF1E2D7F-A796-405E-AB14-8E48309B0C3C}.Release|Any CPU.ActiveCfg = Release|Any CPU
		{AF1E2D7F-A796-405E-AB14-8E48309B0C3C}.Release|Any CPU.Build.0 = Release|Any CPU
	EndGlobalSection
	GlobalSection(SolutionProperties) = preSolution
		HideSolutionNode = FALSE
	EndGlobalSection
	GlobalSection(ExtensibilityGlobals) = postSolution
		SolutionGuid = {87E7AA75-D8C5-4898-9E6F-D509C56BBA89}
	EndGlobalSection
EndGlobal
